// !$*UTF8*$!
{
	archiveVersion = 1;
	classes = {
	};
	objectVersion = 56;
	objects = {

/* Begin PBXBuildFile section */
		A218048B2C963164005A6ED4 /* spidey_senseApp.swift in Sources */ = {isa = PBXBuildFile; fileRef = A218048A2C963164005A6ED4 /* spidey_senseApp.swift */; };
		A218048D2C963164005A6ED4 /* ContentView.swift in Sources */ = {isa = PBXBuildFile; fileRef = A218048C2C963164005A6ED4 /* ContentView.swift */; };
		A218048F2C963164005A6ED4 /* Item.swift in Sources */ = {isa = PBXBuildFile; fileRef = A218048E2C963164005A6ED4 /* Item.swift */; };
		A21804912C963166005A6ED4 /* Assets.xcassets in Resources */ = {isa = PBXBuildFile; fileRef = A21804902C963166005A6ED4 /* Assets.xcassets */; };
		A21804942C963166005A6ED4 /* Preview Assets.xcassets in Resources */ = {isa = PBXBuildFile; fileRef = A21804932C963166005A6ED4 /* Preview Assets.xcassets */; };
		A218049E2C963166005A6ED4 /* spidey_senseTests.swift in Sources */ = {isa = PBXBuildFile; fileRef = A218049D2C963166005A6ED4 /* spidey_senseTests.swift */; };
		A21804A82C963166005A6ED4 /* spidey_senseUITests.swift in Sources */ = {isa = PBXBuildFile; fileRef = A21804A72C963166005A6ED4 /* spidey_senseUITests.swift */; };
		A21804AA2C963166005A6ED4 /* spidey_senseUITestsLaunchTests.swift in Sources */ = {isa = PBXBuildFile; fileRef = A21804A92C963166005A6ED4 /* spidey_senseUITestsLaunchTests.swift */; };
		A21804B82C963927005A6ED4 /* ClerkSDK in Frameworks */ = {isa = PBXBuildFile; productRef = A21804B72C963927005A6ED4 /* ClerkSDK */; };
		A21804C02C963C97005A6ED4 /* SignUpView.swift in Sources */ = {isa = PBXBuildFile; fileRef = A21804BF2C963C97005A6ED4 /* SignUpView.swift */; };
		A21804C22C963DAF005A6ED4 /* SignInView.swift in Sources */ = {isa = PBXBuildFile; fileRef = A21804C12C963DAF005A6ED4 /* SignInView.swift */; };
		A21804C42C963DD7005A6ED4 /* SignUpOrSignInView.swift in Sources */ = {isa = PBXBuildFile; fileRef = A21804C32C963DD7005A6ED4 /* SignUpOrSignInView.swift */; };
		A2C0BE702C96545A0090DACA /* SplashScreenView.swift in Sources */ = {isa = PBXBuildFile; fileRef = A2C0BE6F2C96545A0090DACA /* SplashScreenView.swift */; };
/* End PBXBuildFile section */

/* Begin PBXContainerItemProxy section */
		A218049A2C963166005A6ED4 /* PBXContainerItemProxy */ = {
			isa = PBXContainerItemProxy;
			containerPortal = A218047F2C963164005A6ED4 /* Project object */;
			proxyType = 1;
			remoteGlobalIDString = A21804862C963164005A6ED4;
			remoteInfo = "spidey-sense";
		};
		A21804A42C963166005A6ED4 /* PBXContainerItemProxy */ = {
			isa = PBXContainerItemProxy;
			containerPortal = A218047F2C963164005A6ED4 /* Project object */;
			proxyType = 1;
			remoteGlobalIDString = A21804862C963164005A6ED4;
			remoteInfo = "spidey-sense";
		};
/* End PBXContainerItemProxy section */

/* Begin PBXFileReference section */
		A21804872C963164005A6ED4 /* spidey-sense.app */ = {isa = PBXFileReference; explicitFileType = wrapper.application; includeInIndex = 0; path = "spidey-sense.app"; sourceTree = BUILT_PRODUCTS_DIR; };
		A218048A2C963164005A6ED4 /* spidey_senseApp.swift */ = {isa = PBXFileReference; lastKnownFileType = sourcecode.swift; path = spidey_senseApp.swift; sourceTree = "<group>"; };
		A218048C2C963164005A6ED4 /* ContentView.swift */ = {isa = PBXFileReference; lastKnownFileType = sourcecode.swift; path = ContentView.swift; sourceTree = "<group>"; };
		A218048E2C963164005A6ED4 /* Item.swift */ = {isa = PBXFileReference; lastKnownFileType = sourcecode.swift; path = Item.swift; sourceTree = "<group>"; };
		A21804902C963166005A6ED4 /* Assets.xcassets */ = {isa = PBXFileReference; lastKnownFileType = folder.assetcatalog; path = Assets.xcassets; sourceTree = "<group>"; };
		A21804932C963166005A6ED4 /* Preview Assets.xcassets */ = {isa = PBXFileReference; lastKnownFileType = folder.assetcatalog; path = "Preview Assets.xcassets"; sourceTree = "<group>"; };
		A21804992C963166005A6ED4 /* spidey-senseTests.xctest */ = {isa = PBXFileReference; explicitFileType = wrapper.cfbundle; includeInIndex = 0; path = "spidey-senseTests.xctest"; sourceTree = BUILT_PRODUCTS_DIR; };
		A218049D2C963166005A6ED4 /* spidey_senseTests.swift */ = {isa = PBXFileReference; lastKnownFileType = sourcecode.swift; path = spidey_senseTests.swift; sourceTree = "<group>"; };
		A21804A32C963166005A6ED4 /* spidey-senseUITests.xctest */ = {isa = PBXFileReference; explicitFileType = wrapper.cfbundle; includeInIndex = 0; path = "spidey-senseUITests.xctest"; sourceTree = BUILT_PRODUCTS_DIR; };
		A21804A72C963166005A6ED4 /* spidey_senseUITests.swift */ = {isa = PBXFileReference; lastKnownFileType = sourcecode.swift; path = spidey_senseUITests.swift; sourceTree = "<group>"; };
		A21804A92C963166005A6ED4 /* spidey_senseUITestsLaunchTests.swift */ = {isa = PBXFileReference; lastKnownFileType = sourcecode.swift; path = spidey_senseUITestsLaunchTests.swift; sourceTree = "<group>"; };
		A21804BF2C963C97005A6ED4 /* SignUpView.swift */ = {isa = PBXFileReference; lastKnownFileType = sourcecode.swift; path = SignUpView.swift; sourceTree = "<group>"; };
		A21804C12C963DAF005A6ED4 /* SignInView.swift */ = {isa = PBXFileReference; lastKnownFileType = sourcecode.swift; path = SignInView.swift; sourceTree = "<group>"; };
		A21804C32C963DD7005A6ED4 /* SignUpOrSignInView.swift */ = {isa = PBXFileReference; lastKnownFileType = sourcecode.swift; path = SignUpOrSignInView.swift; sourceTree = "<group>"; };
		A2C0BE6F2C96545A0090DACA /* SplashScreenView.swift */ = {isa = PBXFileReference; lastKnownFileType = sourcecode.swift; path = SplashScreenView.swift; sourceTree = "<group>"; };
/* End PBXFileReference section */

/* Begin PBXFrameworksBuildPhase section */
		A21804842C963164005A6ED4 /* Frameworks */ = {
			isa = PBXFrameworksBuildPhase;
			buildActionMask = 2147483647;
			files = (
				A21804B82C963927005A6ED4 /* ClerkSDK in Frameworks */,
			);
			runOnlyForDeploymentPostprocessing = 0;
		};
		A21804962C963166005A6ED4 /* Frameworks */ = {
			isa = PBXFrameworksBuildPhase;
			buildActionMask = 2147483647;
			files = (
			);
			runOnlyForDeploymentPostprocessing = 0;
		};
		A21804A02C963166005A6ED4 /* Frameworks */ = {
			isa = PBXFrameworksBuildPhase;
			buildActionMask = 2147483647;
			files = (
			);
			runOnlyForDeploymentPostprocessing = 0;
		};
/* End PBXFrameworksBuildPhase section */

/* Begin PBXGroup section */
		A218047E2C963164005A6ED4 = {
			isa = PBXGroup;
			children = (
				A21804892C963164005A6ED4 /* spidey-sense */,
				A218049C2C963166005A6ED4 /* spidey-senseTests */,
				A21804A62C963166005A6ED4 /* spidey-senseUITests */,
				A21804882C963164005A6ED4 /* Products */,
			);
			sourceTree = "<group>";
		};
		A21804882C963164005A6ED4 /* Products */ = {
			isa = PBXGroup;
			children = (
				A21804872C963164005A6ED4 /* spidey-sense.app */,
				A21804992C963166005A6ED4 /* spidey-senseTests.xctest */,
				A21804A32C963166005A6ED4 /* spidey-senseUITests.xctest */,
			);
			name = Products;
			sourceTree = "<group>";
		};
		A21804892C963164005A6ED4 /* spidey-sense */ = {
			isa = PBXGroup;
			children = (
				A218048A2C963164005A6ED4 /* spidey_senseApp.swift */,
				A218048C2C963164005A6ED4 /* ContentView.swift */,
				A218048E2C963164005A6ED4 /* Item.swift */,
				A21804902C963166005A6ED4 /* Assets.xcassets */,
				A21804922C963166005A6ED4 /* Preview Content */,
				A21804BF2C963C97005A6ED4 /* SignUpView.swift */,
				A21804C12C963DAF005A6ED4 /* SignInView.swift */,
				A21804C32C963DD7005A6ED4 /* SignUpOrSignInView.swift */,
				A2C0BE6F2C96545A0090DACA /* SplashScreenView.swift */,
			);
			path = "spidey-sense";
			sourceTree = "<group>";
		};
		A21804922C963166005A6ED4 /* Preview Content */ = {
			isa = PBXGroup;
			children = (
				A21804932C963166005A6ED4 /* Preview Assets.xcassets */,
			);
			path = "Preview Content";
			sourceTree = "<group>";
		};
		A218049C2C963166005A6ED4 /* spidey-senseTests */ = {
			isa = PBXGroup;
			children = (
				A218049D2C963166005A6ED4 /* spidey_senseTests.swift */,
			);
			path = "spidey-senseTests";
			sourceTree = "<group>";
		};
		A21804A62C963166005A6ED4 /* spidey-senseUITests */ = {
			isa = PBXGroup;
			children = (
				A21804A72C963166005A6ED4 /* spidey_senseUITests.swift */,
				A21804A92C963166005A6ED4 /* spidey_senseUITestsLaunchTests.swift */,
			);
			path = "spidey-senseUITests";
			sourceTree = "<group>";
		};
/* End PBXGroup section */

/* Begin PBXNativeTarget section */
		A21804862C963164005A6ED4 /* spidey-sense */ = {
			isa = PBXNativeTarget;
			buildConfigurationList = A21804AD2C963166005A6ED4 /* Build configuration list for PBXNativeTarget "spidey-sense" */;
			buildPhases = (
				A21804832C963164005A6ED4 /* Sources */,
				A21804842C963164005A6ED4 /* Frameworks */,
				A21804852C963164005A6ED4 /* Resources */,
			);
			buildRules = (
			);
			dependencies = (
			);
			name = "spidey-sense";
			packageProductDependencies = (
				A21804B72C963927005A6ED4 /* ClerkSDK */,
			);
			productName = "spidey-sense";
			productReference = A21804872C963164005A6ED4 /* spidey-sense.app */;
			productType = "com.apple.product-type.application";
		};
		A21804982C963166005A6ED4 /* spidey-senseTests */ = {
			isa = PBXNativeTarget;
			buildConfigurationList = A21804B02C963166005A6ED4 /* Build configuration list for PBXNativeTarget "spidey-senseTests" */;
			buildPhases = (
				A21804952C963166005A6ED4 /* Sources */,
				A21804962C963166005A6ED4 /* Frameworks */,
				A21804972C963166005A6ED4 /* Resources */,
			);
			buildRules = (
			);
			dependencies = (
				A218049B2C963166005A6ED4 /* PBXTargetDependency */,
			);
			name = "spidey-senseTests";
			productName = "spidey-senseTests";
			productReference = A21804992C963166005A6ED4 /* spidey-senseTests.xctest */;
			productType = "com.apple.product-type.bundle.unit-test";
		};
		A21804A22C963166005A6ED4 /* spidey-senseUITests */ = {
			isa = PBXNativeTarget;
			buildConfigurationList = A21804B32C963166005A6ED4 /* Build configuration list for PBXNativeTarget "spidey-senseUITests" */;
			buildPhases = (
				A218049F2C963166005A6ED4 /* Sources */,
				A21804A02C963166005A6ED4 /* Frameworks */,
				A21804A12C963166005A6ED4 /* Resources */,
			);
			buildRules = (
			);
			dependencies = (
				A21804A52C963166005A6ED4 /* PBXTargetDependency */,
			);
			name = "spidey-senseUITests";
			productName = "spidey-senseUITests";
			productReference = A21804A32C963166005A6ED4 /* spidey-senseUITests.xctest */;
			productType = "com.apple.product-type.bundle.ui-testing";
		};
/* End PBXNativeTarget section */

/* Begin PBXProject section */
		A218047F2C963164005A6ED4 /* Project object */ = {
			isa = PBXProject;
			attributes = {
				BuildIndependentTargetsInParallel = 1;
				LastSwiftUpdateCheck = 1540;
				LastUpgradeCheck = 1540;
				TargetAttributes = {
					A21804862C963164005A6ED4 = {
						CreatedOnToolsVersion = 15.4;
					};
					A21804982C963166005A6ED4 = {
						CreatedOnToolsVersion = 15.4;
						TestTargetID = A21804862C963164005A6ED4;
					};
					A21804A22C963166005A6ED4 = {
						CreatedOnToolsVersion = 15.4;
						TestTargetID = A21804862C963164005A6ED4;
					};
				};
			};
			buildConfigurationList = A21804822C963164005A6ED4 /* Build configuration list for PBXProject "spidey-sense" */;
			compatibilityVersion = "Xcode 14.0";
			developmentRegion = en;
			hasScannedForEncodings = 0;
			knownRegions = (
				en,
				Base,
			);
			mainGroup = A218047E2C963164005A6ED4;
			packageReferences = (
				A21804B62C9633DE005A6ED4 /* XCRemoteSwiftPackageReference "clerk-ios" */,
			);
			productRefGroup = A21804882C963164005A6ED4 /* Products */;
			projectDirPath = "";
			projectRoot = "";
			targets = (
				A21804862C963164005A6ED4 /* spidey-sense */,
				A21804982C963166005A6ED4 /* spidey-senseTests */,
				A21804A22C963166005A6ED4 /* spidey-senseUITests */,
			);
		};
/* End PBXProject section */

/* Begin PBXResourcesBuildPhase section */
		A21804852C963164005A6ED4 /* Resources */ = {
			isa = PBXResourcesBuildPhase;
			buildActionMask = 2147483647;
			files = (
				A21804942C963166005A6ED4 /* Preview Assets.xcassets in Resources */,
				A21804912C963166005A6ED4 /* Assets.xcassets in Resources */,
			);
			runOnlyForDeploymentPostprocessing = 0;
		};
		A21804972C963166005A6ED4 /* Resources */ = {
			isa = PBXResourcesBuildPhase;
			buildActionMask = 2147483647;
			files = (
			);
			runOnlyForDeploymentPostprocessing = 0;
		};
		A21804A12C963166005A6ED4 /* Resources */ = {
			isa = PBXResourcesBuildPhase;
			buildActionMask = 2147483647;
			files = (
			);
			runOnlyForDeploymentPostprocessing = 0;
		};
/* End PBXResourcesBuildPhase section */

/* Begin PBXSourcesBuildPhase section */
		A21804832C963164005A6ED4 /* Sources */ = {
			isa = PBXSourcesBuildPhase;
			buildActionMask = 2147483647;
			files = (
				A2C0BE702C96545A0090DACA /* SplashScreenView.swift in Sources */,
				A21804C02C963C97005A6ED4 /* SignUpView.swift in Sources */,
				A218048D2C963164005A6ED4 /* ContentView.swift in Sources */,
				A218048F2C963164005A6ED4 /* Item.swift in Sources */,
				A218048B2C963164005A6ED4 /* spidey_senseApp.swift in Sources */,
				A21804C22C963DAF005A6ED4 /* SignInView.swift in Sources */,
				A21804C42C963DD7005A6ED4 /* SignUpOrSignInView.swift in Sources */,
			);
			runOnlyForDeploymentPostprocessing = 0;
		};
		A21804952C963166005A6ED4 /* Sources */ = {
			isa = PBXSourcesBuildPhase;
			buildActionMask = 2147483647;
			files = (
				A218049E2C963166005A6ED4 /* spidey_senseTests.swift in Sources */,
			);
			runOnlyForDeploymentPostprocessing = 0;
		};
		A218049F2C963166005A6ED4 /* Sources */ = {
			isa = PBXSourcesBuildPhase;
			buildActionMask = 2147483647;
			files = (
				A21804A82C963166005A6ED4 /* spidey_senseUITests.swift in Sources */,
				A21804AA2C963166005A6ED4 /* spidey_senseUITestsLaunchTests.swift in Sources */,
			);
			runOnlyForDeploymentPostprocessing = 0;
		};
/* End PBXSourcesBuildPhase section */

/* Begin PBXTargetDependency section */
		A218049B2C963166005A6ED4 /* PBXTargetDependency */ = {
			isa = PBXTargetDependency;
			target = A21804862C963164005A6ED4 /* spidey-sense */;
			targetProxy = A218049A2C963166005A6ED4 /* PBXContainerItemProxy */;
		};
		A21804A52C963166005A6ED4 /* PBXTargetDependency */ = {
			isa = PBXTargetDependency;
			target = A21804862C963164005A6ED4 /* spidey-sense */;
			targetProxy = A21804A42C963166005A6ED4 /* PBXContainerItemProxy */;
		};
/* End PBXTargetDependency section */

/* Begin XCBuildConfiguration section */
		A21804AB2C963166005A6ED4 /* Debug */ = {
			isa = XCBuildConfiguration;
			buildSettings = {
				ALWAYS_SEARCH_USER_PATHS = NO;
				ASSETCATALOG_COMPILER_GENERATE_SWIFT_ASSET_SYMBOL_EXTENSIONS = YES;
				CLANG_ANALYZER_NONNULL = YES;
				CLANG_ANALYZER_NUMBER_OBJECT_CONVERSION = YES_AGGRESSIVE;
				CLANG_CXX_LANGUAGE_STANDARD = "gnu++20";
				CLANG_ENABLE_MODULES = YES;
				CLANG_ENABLE_OBJC_ARC = YES;
				CLANG_ENABLE_OBJC_WEAK = YES;
				CLANG_WARN_BLOCK_CAPTURE_AUTORELEASING = YES;
				CLANG_WARN_BOOL_CONVERSION = YES;
				CLANG_WARN_COMMA = YES;
				CLANG_WARN_CONSTANT_CONVERSION = YES;
				CLANG_WARN_DEPRECATED_OBJC_IMPLEMENTATIONS = YES;
				CLANG_WARN_DIRECT_OBJC_ISA_USAGE = YES_ERROR;
				CLANG_WARN_DOCUMENTATION_COMMENTS = YES;
				CLANG_WARN_EMPTY_BODY = YES;
				CLANG_WARN_ENUM_CONVERSION = YES;
				CLANG_WARN_INFINITE_RECURSION = YES;
				CLANG_WARN_INT_CONVERSION = YES;
				CLANG_WARN_NON_LITERAL_NULL_CONVERSION = YES;
				CLANG_WARN_OBJC_IMPLICIT_RETAIN_SELF = YES;
				CLANG_WARN_OBJC_LITERAL_CONVERSION = YES;
				CLANG_WARN_OBJC_ROOT_CLASS = YES_ERROR;
				CLANG_WARN_QUOTED_INCLUDE_IN_FRAMEWORK_HEADER = YES;
				CLANG_WARN_RANGE_LOOP_ANALYSIS = YES;
				CLANG_WARN_STRICT_PROTOTYPES = YES;
				CLANG_WARN_SUSPICIOUS_MOVE = YES;
				CLANG_WARN_UNGUARDED_AVAILABILITY = YES_AGGRESSIVE;
				CLANG_WARN_UNREACHABLE_CODE = YES;
				CLANG_WARN__DUPLICATE_METHOD_MATCH = YES;
				COPY_PHASE_STRIP = NO;
				DEBUG_INFORMATION_FORMAT = dwarf;
				ENABLE_STRICT_OBJC_MSGSEND = YES;
				ENABLE_TESTABILITY = YES;
				ENABLE_USER_SCRIPT_SANDBOXING = YES;
				GCC_C_LANGUAGE_STANDARD = gnu17;
				GCC_DYNAMIC_NO_PIC = NO;
				GCC_NO_COMMON_BLOCKS = YES;
				GCC_OPTIMIZATION_LEVEL = 0;
				GCC_PREPROCESSOR_DEFINITIONS = (
					"DEBUG=1",
					"$(inherited)",
				);
				GCC_WARN_64_TO_32_BIT_CONVERSION = YES;
				GCC_WARN_ABOUT_RETURN_TYPE = YES_ERROR;
				GCC_WARN_UNDECLARED_SELECTOR = YES;
				GCC_WARN_UNINITIALIZED_AUTOS = YES_AGGRESSIVE;
				GCC_WARN_UNUSED_FUNCTION = YES;
				GCC_WARN_UNUSED_VARIABLE = YES;
				IPHONEOS_DEPLOYMENT_TARGET = 17.5;
				LOCALIZATION_PREFERS_STRING_CATALOGS = YES;
				MTL_ENABLE_DEBUG_INFO = INCLUDE_SOURCE;
				MTL_FAST_MATH = YES;
				ONLY_ACTIVE_ARCH = YES;
				SDKROOT = iphoneos;
				SWIFT_ACTIVE_COMPILATION_CONDITIONS = "DEBUG $(inherited)";
				SWIFT_OPTIMIZATION_LEVEL = "-Onone";
			};
			name = Debug;
		};
		A21804AC2C963166005A6ED4 /* Release */ = {
			isa = XCBuildConfiguration;
			buildSettings = {
				ALWAYS_SEARCH_USER_PATHS = NO;
				ASSETCATALOG_COMPILER_GENERATE_SWIFT_ASSET_SYMBOL_EXTENSIONS = YES;
				CLANG_ANALYZER_NONNULL = YES;
				CLANG_ANALYZER_NUMBER_OBJECT_CONVERSION = YES_AGGRESSIVE;
				CLANG_CXX_LANGUAGE_STANDARD = "gnu++20";
				CLANG_ENABLE_MODULES = YES;
				CLANG_ENABLE_OBJC_ARC = YES;
				CLANG_ENABLE_OBJC_WEAK = YES;
				CLANG_WARN_BLOCK_CAPTURE_AUTORELEASING = YES;
				CLANG_WARN_BOOL_CONVERSION = YES;
				CLANG_WARN_COMMA = YES;
				CLANG_WARN_CONSTANT_CONVERSION = YES;
				CLANG_WARN_DEPRECATED_OBJC_IMPLEMENTATIONS = YES;
				CLANG_WARN_DIRECT_OBJC_ISA_USAGE = YES_ERROR;
				CLANG_WARN_DOCUMENTATION_COMMENTS = YES;
				CLANG_WARN_EMPTY_BODY = YES;
				CLANG_WARN_ENUM_CONVERSION = YES;
				CLANG_WARN_INFINITE_RECURSION = YES;
				CLANG_WARN_INT_CONVERSION = YES;
				CLANG_WARN_NON_LITERAL_NULL_CONVERSION = YES;
				CLANG_WARN_OBJC_IMPLICIT_RETAIN_SELF = YES;
				CLANG_WARN_OBJC_LITERAL_CONVERSION = YES;
				CLANG_WARN_OBJC_ROOT_CLASS = YES_ERROR;
				CLANG_WARN_QUOTED_INCLUDE_IN_FRAMEWORK_HEADER = YES;
				CLANG_WARN_RANGE_LOOP_ANALYSIS = YES;
				CLANG_WARN_STRICT_PROTOTYPES = YES;
				CLANG_WARN_SUSPICIOUS_MOVE = YES;
				CLANG_WARN_UNGUARDED_AVAILABILITY = YES_AGGRESSIVE;
				CLANG_WARN_UNREACHABLE_CODE = YES;
				CLANG_WARN__DUPLICATE_METHOD_MATCH = YES;
				COPY_PHASE_STRIP = NO;
				DEBUG_INFORMATION_FORMAT = "dwarf-with-dsym";
				ENABLE_NS_ASSERTIONS = NO;
				ENABLE_STRICT_OBJC_MSGSEND = YES;
				ENABLE_USER_SCRIPT_SANDBOXING = YES;
				GCC_C_LANGUAGE_STANDARD = gnu17;
				GCC_NO_COMMON_BLOCKS = YES;
				GCC_WARN_64_TO_32_BIT_CONVERSION = YES;
				GCC_WARN_ABOUT_RETURN_TYPE = YES_ERROR;
				GCC_WARN_UNDECLARED_SELECTOR = YES;
				GCC_WARN_UNINITIALIZED_AUTOS = YES_AGGRESSIVE;
				GCC_WARN_UNUSED_FUNCTION = YES;
				GCC_WARN_UNUSED_VARIABLE = YES;
				IPHONEOS_DEPLOYMENT_TARGET = 17.5;
				LOCALIZATION_PREFERS_STRING_CATALOGS = YES;
				MTL_ENABLE_DEBUG_INFO = NO;
				MTL_FAST_MATH = YES;
				SDKROOT = iphoneos;
				SWIFT_COMPILATION_MODE = wholemodule;
				VALIDATE_PRODUCT = YES;
			};
			name = Release;
		};
		A21804AE2C963166005A6ED4 /* Debug */ = {
			isa = XCBuildConfiguration;
			buildSettings = {
				ASSETCATALOG_COMPILER_APPICON_NAME = AppIcon;
				ASSETCATALOG_COMPILER_GLOBAL_ACCENT_COLOR_NAME = AccentColor;
				CODE_SIGN_STYLE = Automatic;
				CURRENT_PROJECT_VERSION = 1;
				DEVELOPMENT_ASSET_PATHS = "\"spidey-sense/Preview Content\"";
				ENABLE_PREVIEWS = YES;
				GENERATE_INFOPLIST_FILE = YES;
				INFOPLIST_KEY_CFBundleDisplayName = "Spidey Sense";
				INFOPLIST_KEY_UIApplicationSceneManifest_Generation = YES;
				INFOPLIST_KEY_UIApplicationSupportsIndirectInputEvents = YES;
				INFOPLIST_KEY_UILaunchScreen_Generation = YES;
				INFOPLIST_KEY_UISupportedInterfaceOrientations_iPad = "UIInterfaceOrientationPortrait UIInterfaceOrientationPortraitUpsideDown UIInterfaceOrientationLandscapeLeft UIInterfaceOrientationLandscapeRight";
				INFOPLIST_KEY_UISupportedInterfaceOrientations_iPhone = "UIInterfaceOrientationPortrait UIInterfaceOrientationLandscapeLeft UIInterfaceOrientationLandscapeRight";
				LD_RUNPATH_SEARCH_PATHS = (
					"$(inherited)",
					"@executable_path/Frameworks",
				);
				MARKETING_VERSION = 1.0;
				PRODUCT_BUNDLE_IDENTIFIER = "hackmit.spidey-sense";
				PRODUCT_NAME = "$(TARGET_NAME)";
				SWIFT_EMIT_LOC_STRINGS = YES;
				SWIFT_VERSION = 5.0;
				TARGETED_DEVICE_FAMILY = "1,2";
			};
			name = Debug;
		};
		A21804AF2C963166005A6ED4 /* Release */ = {
			isa = XCBuildConfiguration;
			buildSettings = {
				ASSETCATALOG_COMPILER_APPICON_NAME = AppIcon;
				ASSETCATALOG_COMPILER_GLOBAL_ACCENT_COLOR_NAME = AccentColor;
				CODE_SIGN_STYLE = Automatic;
				CURRENT_PROJECT_VERSION = 1;
				DEVELOPMENT_ASSET_PATHS = "\"spidey-sense/Preview Content\"";
				ENABLE_PREVIEWS = YES;
				GENERATE_INFOPLIST_FILE = YES;
				INFOPLIST_KEY_CFBundleDisplayName = "Spidey Sense";
				INFOPLIST_KEY_UIApplicationSceneManifest_Generation = YES;
				INFOPLIST_KEY_UIApplicationSupportsIndirectInputEvents = YES;
				INFOPLIST_KEY_UILaunchScreen_Generation = YES;
				INFOPLIST_KEY_UISupportedInterfaceOrientations_iPad = "UIInterfaceOrientationPortrait UIInterfaceOrientationPortraitUpsideDown UIInterfaceOrientationLandscapeLeft UIInterfaceOrientationLandscapeRight";
				INFOPLIST_KEY_UISupportedInterfaceOrientations_iPhone = "UIInterfaceOrientationPortrait UIInterfaceOrientationLandscapeLeft UIInterfaceOrientationLandscapeRight";
				LD_RUNPATH_SEARCH_PATHS = (
					"$(inherited)",
					"@executable_path/Frameworks",
				);
				MARKETING_VERSION = 1.0;
				PRODUCT_BUNDLE_IDENTIFIER = "hackmit.spidey-sense";
				PRODUCT_NAME = "$(TARGET_NAME)";
				SWIFT_EMIT_LOC_STRINGS = YES;
				SWIFT_VERSION = 5.0;
				TARGETED_DEVICE_FAMILY = "1,2";
			};
			name = Release;
		};
		A21804B12C963166005A6ED4 /* Debug */ = {
			isa = XCBuildConfiguration;
			buildSettings = {
				ALWAYS_EMBED_SWIFT_STANDARD_LIBRARIES = YES;
				BUNDLE_LOADER = "$(TEST_HOST)";
				CODE_SIGN_STYLE = Automatic;
				CURRENT_PROJECT_VERSION = 1;
				GENERATE_INFOPLIST_FILE = YES;
				IPHONEOS_DEPLOYMENT_TARGET = 17.5;
				MARKETING_VERSION = 1.0;
				PRODUCT_BUNDLE_IDENTIFIER = "hackmit.spidey-senseTests";
				PRODUCT_NAME = "$(TARGET_NAME)";
				SWIFT_EMIT_LOC_STRINGS = NO;
				SWIFT_VERSION = 5.0;
				TARGETED_DEVICE_FAMILY = "1,2";
				TEST_HOST = "$(BUILT_PRODUCTS_DIR)/spidey-sense.app/$(BUNDLE_EXECUTABLE_FOLDER_PATH)/spidey-sense";
			};
			name = Debug;
		};
		A21804B22C963166005A6ED4 /* Release */ = {
			isa = XCBuildConfiguration;
			buildSettings = {
				ALWAYS_EMBED_SWIFT_STANDARD_LIBRARIES = YES;
				BUNDLE_LOADER = "$(TEST_HOST)";
				CODE_SIGN_STYLE = Automatic;
				CURRENT_PROJECT_VERSION = 1;
				GENERATE_INFOPLIST_FILE = YES;
				IPHONEOS_DEPLOYMENT_TARGET = 17.5;
				MARKETING_VERSION = 1.0;
				PRODUCT_BUNDLE_IDENTIFIER = "hackmit.spidey-senseTests";
				PRODUCT_NAME = "$(TARGET_NAME)";
				SWIFT_EMIT_LOC_STRINGS = NO;
				SWIFT_VERSION = 5.0;
				TARGETED_DEVICE_FAMILY = "1,2";
				TEST_HOST = "$(BUILT_PRODUCTS_DIR)/spidey-sense.app/$(BUNDLE_EXECUTABLE_FOLDER_PATH)/spidey-sense";
			};
			name = Release;
		};
		A21804B42C963166005A6ED4 /* Debug */ = {
			isa = XCBuildConfiguration;
			buildSettings = {
				ALWAYS_EMBED_SWIFT_STANDARD_LIBRARIES = YES;
				CODE_SIGN_STYLE = Automatic;
				CURRENT_PROJECT_VERSION = 1;
				GENERATE_INFOPLIST_FILE = YES;
				MARKETING_VERSION = 1.0;
				PRODUCT_BUNDLE_IDENTIFIER = "hackmit.spidey-senseUITests";
				PRODUCT_NAME = "$(TARGET_NAME)";
				SWIFT_EMIT_LOC_STRINGS = NO;
				SWIFT_VERSION = 5.0;
				TARGETED_DEVICE_FAMILY = "1,2";
				TEST_TARGET_NAME = "spidey-sense";
			};
			name = Debug;
		};
		A21804B52C963166005A6ED4 /* Release */ = {
			isa = XCBuildConfiguration;
			buildSettings = {
				ALWAYS_EMBED_SWIFT_STANDARD_LIBRARIES = YES;
				CODE_SIGN_STYLE = Automatic;
				CURRENT_PROJECT_VERSION = 1;
				GENERATE_INFOPLIST_FILE = YES;
				MARKETING_VERSION = 1.0;
				PRODUCT_BUNDLE_IDENTIFIER = "hackmit.spidey-senseUITests";
				PRODUCT_NAME = "$(TARGET_NAME)";
				SWIFT_EMIT_LOC_STRINGS = NO;
				SWIFT_VERSION = 5.0;
				TARGETED_DEVICE_FAMILY = "1,2";
				TEST_TARGET_NAME = "spidey-sense";
			};
			name = Release;
		};
/* End XCBuildConfiguration section */

/* Begin XCConfigurationList section */
		A21804822C963164005A6ED4 /* Build configuration list for PBXProject "spidey-sense" */ = {
			isa = XCConfigurationList;
			buildConfigurations = (
				A21804AB2C963166005A6ED4 /* Debug */,
				A21804AC2C963166005A6ED4 /* Release */,
			);
			defaultConfigurationIsVisible = 0;
			defaultConfigurationName = Release;
		};
		A21804AD2C963166005A6ED4 /* Build configuration list for PBXNativeTarget "spidey-sense" */ = {
			isa = XCConfigurationList;
			buildConfigurations = (
				A21804AE2C963166005A6ED4 /* Debug */,
				A21804AF2C963166005A6ED4 /* Release */,
			);
			defaultConfigurationIsVisible = 0;
			defaultConfigurationName = Release;
		};
		A21804B02C963166005A6ED4 /* Build configuration list for PBXNativeTarget "spidey-senseTests" */ = {
			isa = XCConfigurationList;
			buildConfigurations = (
				A21804B12C963166005A6ED4 /* Debug */,
				A21804B22C963166005A6ED4 /* Release */,
			);
			defaultConfigurationIsVisible = 0;
			defaultConfigurationName = Release;
		};
		A21804B32C963166005A6ED4 /* Build configuration list for PBXNativeTarget "spidey-senseUITests" */ = {
			isa = XCConfigurationList;
			buildConfigurations = (
				A21804B42C963166005A6ED4 /* Debug */,
				A21804B52C963166005A6ED4 /* Release */,
			);
			defaultConfigurationIsVisible = 0;
			defaultConfigurationName = Release;
		};
/* End XCConfigurationList section */

/* Begin XCRemoteSwiftPackageReference section */
		A21804B62C9633DE005A6ED4 /* XCRemoteSwiftPackageReference "clerk-ios" */ = {
			isa = XCRemoteSwiftPackageReference;
			repositoryURL = "https://github.com/clerk/clerk-ios";
			requirement = {
				kind = upToNextMajorVersion;
				minimumVersion = 0.37.0;
			};
		};
/* End XCRemoteSwiftPackageReference section */

/* Begin XCSwiftPackageProductDependency section */
		A21804B72C963927005A6ED4 /* ClerkSDK */ = {
			isa = XCSwiftPackageProductDependency;
			package = A21804B62C9633DE005A6ED4 /* XCRemoteSwiftPackageReference "clerk-ios" */;
			productName = ClerkSDK;
		};
/* End XCSwiftPackageProductDependency section */
	};
	rootObject = A218047F2C963164005A6ED4 /* Project object */;
}
